// !$*UTF8*$!
{
	archiveVersion = 1;
	classes = {
	};
	objectVersion = 46;
	objects = {

/* Begin PBXBuildFile section */
		E70AED921DE8105900FA64CA /* AppDelegate.m in Sources */ = {isa = PBXBuildFile; fileRef = E70AED851DE8105900FA64CA /* AppDelegate.m */; };
		E70AED931DE8105900FA64CA /* Assets.xcassets in Resources */ = {isa = PBXBuildFile; fileRef = E70AED861DE8105900FA64CA /* Assets.xcassets */; };
		E70AED941DE8105900FA64CA /* LaunchScreen.storyboard in Resources */ = {isa = PBXBuildFile; fileRef = E70AED871DE8105900FA64CA /* LaunchScreen.storyboard */; };
		E70AED951DE8105900FA64CA /* Main.storyboard in Resources */ = {isa = PBXBuildFile; fileRef = E70AED891DE8105900FA64CA /* Main.storyboard */; };
		E70AED961DE8105900FA64CA /* data.plist in Resources */ = {isa = PBXBuildFile; fileRef = E70AED8B1DE8105900FA64CA /* data.plist */; };
		E70AED971DE8105900FA64CA /* Info.plist in Resources */ = {isa = PBXBuildFile; fileRef = E70AED8C1DE8105900FA64CA /* Info.plist */; };
		E70AED981DE8105900FA64CA /* InputFieldCell.m in Sources */ = {isa = PBXBuildFile; fileRef = E70AED8E1DE8105900FA64CA /* InputFieldCell.m */; };
		E70AED991DE8105900FA64CA /* main.m in Sources */ = {isa = PBXBuildFile; fileRef = E70AED8F1DE8105900FA64CA /* main.m */; };
		E70AED9A1DE8105900FA64CA /* ViewController.m in Sources */ = {isa = PBXBuildFile; fileRef = E70AED911DE8105900FA64CA /* ViewController.m */; };
		E70AEDA41DE8106500FA64CA /* DefaultSystemLikeBadgeConfiguration.m in Sources */ = {isa = PBXBuildFile; fileRef = E70AED9D1DE8106500FA64CA /* DefaultSystemLikeBadgeConfiguration.m */; };
		E70AEDA51DE8106500FA64CA /* DefaultTabbarBadgeAnimation.m in Sources */ = {isa = PBXBuildFile; fileRef = E70AED9F1DE8106500FA64CA /* DefaultTabbarBadgeAnimation.m */; };
		E70AEDA61DE8106500FA64CA /* UITabBarItem+CustomBadge.m in Sources */ = {isa = PBXBuildFile; fileRef = E70AEDA11DE8106500FA64CA /* UITabBarItem+CustomBadge.m */; };
		E70AEDA81DE8107500FA64CA /* UITabbarItem-CustomBadge.podspec in Resources */ = {isa = PBXBuildFile; fileRef = E70AEDA71DE8107500FA64CA /* UITabbarItem-CustomBadge.podspec */; };
		E7941F9A1E24D8A600891F8A /* DefaultTabbarBadgeScaleAnimation.m in Sources */ = {isa = PBXBuildFile; fileRef = E7941F991E24D8A600891F8A /* DefaultTabbarBadgeScaleAnimation.m */; };
		E7CC914A1E260CEE00E94E26 /* DefaultTabbarBadgeFlipAnimation.m in Sources */ = {isa = PBXBuildFile; fileRef = E7CC91491E260CEE00E94E26 /* DefaultTabbarBadgeFlipAnimation.m */; };
/* End PBXBuildFile section */

/* Begin PBXFileReference section */
		E70AED841DE8105900FA64CA /* AppDelegate.h */ = {isa = PBXFileReference; fileEncoding = 4; lastKnownFileType = sourcecode.c.h; path = AppDelegate.h; sourceTree = "<group>"; };
		E70AED851DE8105900FA64CA /* AppDelegate.m */ = {isa = PBXFileReference; fileEncoding = 4; lastKnownFileType = sourcecode.c.objc; path = AppDelegate.m; sourceTree = "<group>"; };
		E70AED861DE8105900FA64CA /* Assets.xcassets */ = {isa = PBXFileReference; lastKnownFileType = folder.assetcatalog; path = Assets.xcassets; sourceTree = "<group>"; };
		E70AED881DE8105900FA64CA /* Base */ = {isa = PBXFileReference; lastKnownFileType = file.storyboard; name = Base; path = Base.lproj/LaunchScreen.storyboard; sourceTree = "<group>"; };
		E70AED8A1DE8105900FA64CA /* Base */ = {isa = PBXFileReference; lastKnownFileType = file.storyboard; name = Base; path = Base.lproj/Main.storyboard; sourceTree = "<group>"; };
		E70AED8B1DE8105900FA64CA /* data.plist */ = {isa = PBXFileReference; fileEncoding = 4; lastKnownFileType = text.plist.xml; path = data.plist; sourceTree = "<group>"; };
		E70AED8C1DE8105900FA64CA /* Info.plist */ = {isa = PBXFileReference; fileEncoding = 4; lastKnownFileType = text.plist.xml; path = Info.plist; sourceTree = "<group>"; };
		E70AED8D1DE8105900FA64CA /* InputFieldCell.h */ = {isa = PBXFileReference; fileEncoding = 4; lastKnownFileType = sourcecode.c.h; path = InputFieldCell.h; sourceTree = "<group>"; };
		E70AED8E1DE8105900FA64CA /* InputFieldCell.m */ = {isa = PBXFileReference; fileEncoding = 4; lastKnownFileType = sourcecode.c.objc; path = InputFieldCell.m; sourceTree = "<group>"; };
		E70AED8F1DE8105900FA64CA /* main.m */ = {isa = PBXFileReference; fileEncoding = 4; lastKnownFileType = sourcecode.c.objc; path = main.m; sourceTree = "<group>"; };
		E70AED901DE8105900FA64CA /* ViewController.h */ = {isa = PBXFileReference; fileEncoding = 4; lastKnownFileType = sourcecode.c.h; path = ViewController.h; sourceTree = "<group>"; };
		E70AED911DE8105900FA64CA /* ViewController.m */ = {isa = PBXFileReference; fileEncoding = 4; lastKnownFileType = sourcecode.c.objc; path = ViewController.m; sourceTree = "<group>"; };
		E70AED9C1DE8106500FA64CA /* DefaultSystemLikeBadgeConfiguration.h */ = {isa = PBXFileReference; fileEncoding = 4; lastKnownFileType = sourcecode.c.h; path = DefaultSystemLikeBadgeConfiguration.h; sourceTree = "<group>"; };
		E70AED9D1DE8106500FA64CA /* DefaultSystemLikeBadgeConfiguration.m */ = {isa = PBXFileReference; fileEncoding = 4; lastKnownFileType = sourcecode.c.objc; path = DefaultSystemLikeBadgeConfiguration.m; sourceTree = "<group>"; };
		E70AED9E1DE8106500FA64CA /* DefaultTabbarBadgeAnimation.h */ = {isa = PBXFileReference; fileEncoding = 4; lastKnownFileType = sourcecode.c.h; path = DefaultTabbarBadgeAnimation.h; sourceTree = "<group>"; };
		E70AED9F1DE8106500FA64CA /* DefaultTabbarBadgeAnimation.m */ = {isa = PBXFileReference; fileEncoding = 4; lastKnownFileType = sourcecode.c.objc; path = DefaultTabbarBadgeAnimation.m; sourceTree = "<group>"; };
		E70AEDA01DE8106500FA64CA /* UITabBarItem+CustomBadge.h */ = {isa = PBXFileReference; fileEncoding = 4; lastKnownFileType = sourcecode.c.h; path = "UITabBarItem+CustomBadge.h"; sourceTree = "<group>"; };
		E70AEDA11DE8106500FA64CA /* UITabBarItem+CustomBadge.m */ = {isa = PBXFileReference; fileEncoding = 4; lastKnownFileType = sourcecode.c.objc; path = "UITabBarItem+CustomBadge.m"; sourceTree = "<group>"; };
		E70AEDA21DE8106500FA64CA /* UITabbarItemAnimation.h */ = {isa = PBXFileReference; fileEncoding = 4; lastKnownFileType = sourcecode.c.h; path = UITabbarItemAnimation.h; sourceTree = "<group>"; };
		E70AEDA31DE8106500FA64CA /* UITabbarItemBadgeConfiguration.h */ = {isa = PBXFileReference; fileEncoding = 4; lastKnownFileType = sourcecode.c.h; path = UITabbarItemBadgeConfiguration.h; sourceTree = "<group>"; };
		E70AEDA71DE8107500FA64CA /* UITabbarItem-CustomBadge.podspec */ = {isa = PBXFileReference; fileEncoding = 4; lastKnownFileType = text; path = "UITabbarItem-CustomBadge.podspec"; sourceTree = "<group>"; };
		E723D93E1CFD3D5E001E4D53 /* UITabBarItem+CustomBadge.app */ = {isa = PBXFileReference; explicitFileType = wrapper.application; includeInIndex = 0; path = "UITabBarItem+CustomBadge.app"; sourceTree = BUILT_PRODUCTS_DIR; };
		E7941F981E24D8A600891F8A /* DefaultTabbarBadgeScaleAnimation.h */ = {isa = PBXFileReference; fileEncoding = 4; lastKnownFileType = sourcecode.c.h; path = DefaultTabbarBadgeScaleAnimation.h; sourceTree = "<group>"; };
		E7941F991E24D8A600891F8A /* DefaultTabbarBadgeScaleAnimation.m */ = {isa = PBXFileReference; fileEncoding = 4; lastKnownFileType = sourcecode.c.objc; path = DefaultTabbarBadgeScaleAnimation.m; sourceTree = "<group>"; };
		E7CC91481E260CEE00E94E26 /* DefaultTabbarBadgeFlipAnimation.h */ = {isa = PBXFileReference; fileEncoding = 4; lastKnownFileType = sourcecode.c.h; path = DefaultTabbarBadgeFlipAnimation.h; sourceTree = "<group>"; };
		E7CC91491E260CEE00E94E26 /* DefaultTabbarBadgeFlipAnimation.m */ = {isa = PBXFileReference; fileEncoding = 4; lastKnownFileType = sourcecode.c.objc; path = DefaultTabbarBadgeFlipAnimation.m; sourceTree = "<group>"; };
/* End PBXFileReference section */

/* Begin PBXFrameworksBuildPhase section */
		E723D93B1CFD3D5E001E4D53 /* Frameworks */ = {
			isa = PBXFrameworksBuildPhase;
			buildActionMask = 2147483647;
			files = (
			);
			runOnlyForDeploymentPostprocessing = 0;
		};
/* End PBXFrameworksBuildPhase section */

/* Begin PBXGroup section */
		E70AED831DE8105900FA64CA /* Example-demonstration */ = {
			isa = PBXGroup;
			children = (
				E70AED861DE8105900FA64CA /* Assets.xcassets */,
				E70AED841DE8105900FA64CA /* AppDelegate.h */,
				E70AED851DE8105900FA64CA /* AppDelegate.m */,
				E70AED891DE8105900FA64CA /* Main.storyboard */,
				E70AED8B1DE8105900FA64CA /* data.plist */,
				E70AED901DE8105900FA64CA /* ViewController.h */,
				E70AED911DE8105900FA64CA /* ViewController.m */,
				E70AED8D1DE8105900FA64CA /* InputFieldCell.h */,
				E70AED8E1DE8105900FA64CA /* InputFieldCell.m */,
				E70AEDA91DE810C100FA64CA /* Supporting Files */,
			);
			path = "Example-demonstration";
			sourceTree = "<group>";
		};
		E70AED9B1DE8106500FA64CA /* UITabbarItem+CustomBadge */ = {
			isa = PBXGroup;
			children = (
				E70AED9C1DE8106500FA64CA /* DefaultSystemLikeBadgeConfiguration.h */,
				E70AED9D1DE8106500FA64CA /* DefaultSystemLikeBadgeConfiguration.m */,
				E70AED9E1DE8106500FA64CA /* DefaultTabbarBadgeAnimation.h */,
				E70AED9F1DE8106500FA64CA /* DefaultTabbarBadgeAnimation.m */,
				E7941F981E24D8A600891F8A /* DefaultTabbarBadgeScaleAnimation.h */,
				E7941F991E24D8A600891F8A /* DefaultTabbarBadgeScaleAnimation.m */,
				E7CC91481E260CEE00E94E26 /* DefaultTabbarBadgeFlipAnimation.h */,
				E7CC91491E260CEE00E94E26 /* DefaultTabbarBadgeFlipAnimation.m */,
				E70AEDA01DE8106500FA64CA /* UITabBarItem+CustomBadge.h */,
				E70AEDA11DE8106500FA64CA /* UITabBarItem+CustomBadge.m */,
				E70AEDA21DE8106500FA64CA /* UITabbarItemAnimation.h */,
				E70AEDA31DE8106500FA64CA /* UITabbarItemBadgeConfiguration.h */,
			);
			path = "UITabbarItem+CustomBadge";
			sourceTree = "<group>";
		};
		E70AEDA91DE810C100FA64CA /* Supporting Files */ = {
			isa = PBXGroup;
			children = (
				E70AED871DE8105900FA64CA /* LaunchScreen.storyboard */,
				E70AED8C1DE8105900FA64CA /* Info.plist */,
				E70AED8F1DE8105900FA64CA /* main.m */,
			);
			name = "Supporting Files";
			sourceTree = "<group>";
		};
		E723D9351CFD3D5E001E4D53 = {
			isa = PBXGroup;
			children = (
				E70AEDA71DE8107500FA64CA /* UITabbarItem-CustomBadge.podspec */,
				E70AED9B1DE8106500FA64CA /* UITabbarItem+CustomBadge */,
				E70AED831DE8105900FA64CA /* Example-demonstration */,
				E723D93F1CFD3D5E001E4D53 /* Products */,
			);
			sourceTree = "<group>";
		};
		E723D93F1CFD3D5E001E4D53 /* Products */ = {
			isa = PBXGroup;
			children = (
				E723D93E1CFD3D5E001E4D53 /* UITabBarItem+CustomBadge.app */,
			);
			name = Products;
			sourceTree = "<group>";
		};
/* End PBXGroup section */

/* Begin PBXNativeTarget section */
		E723D93D1CFD3D5E001E4D53 /* UITabBarItem+CustomBadge */ = {
			isa = PBXNativeTarget;
			buildConfigurationList = E723D9581CFD3D5E001E4D53 /* Build configuration list for PBXNativeTarget "UITabBarItem+CustomBadge" */;
			buildPhases = (
				E723D93A1CFD3D5E001E4D53 /* Sources */,
				E723D93B1CFD3D5E001E4D53 /* Frameworks */,
				E723D93C1CFD3D5E001E4D53 /* Resources */,
			);
			buildRules = (
			);
			dependencies = (
			);
			name = "UITabBarItem+CustomBadge";
			productName = "UITabbar+CustomBadge";
			productReference = E723D93E1CFD3D5E001E4D53 /* UITabBarItem+CustomBadge.app */;
			productType = "com.apple.product-type.application";
		};
/* End PBXNativeTarget section */

/* Begin PBXProject section */
		E723D9361CFD3D5E001E4D53 /* Project object */ = {
			isa = PBXProject;
			attributes = {
				LastUpgradeCheck = 0730;
				ORGANIZATIONNAME = test;
				TargetAttributes = {
					E723D93D1CFD3D5E001E4D53 = {
						CreatedOnToolsVersion = 7.3.1;
					};
				};
			};
			buildConfigurationList = E723D9391CFD3D5E001E4D53 /* Build configuration list for PBXProject "UITabBarItem+CustomBadge" */;
			compatibilityVersion = "Xcode 3.2";
			developmentRegion = English;
			hasScannedForEncodings = 0;
			knownRegions = (
				en,
				Base,
			);
			mainGroup = E723D9351CFD3D5E001E4D53;
			productRefGroup = E723D93F1CFD3D5E001E4D53 /* Products */;
			projectDirPath = "";
			projectRoot = "";
			targets = (
				E723D93D1CFD3D5E001E4D53 /* UITabBarItem+CustomBadge */,
			);
		};
/* End PBXProject section */

/* Begin PBXResourcesBuildPhase section */
		E723D93C1CFD3D5E001E4D53 /* Resources */ = {
			isa = PBXResourcesBuildPhase;
			buildActionMask = 2147483647;
			files = (
				E70AEDA81DE8107500FA64CA /* UITabbarItem-CustomBadge.podspec in Resources */,
				E70AED951DE8105900FA64CA /* Main.storyboard in Resources */,
				E70AED931DE8105900FA64CA /* Assets.xcassets in Resources */,
				E70AED961DE8105900FA64CA /* data.plist in Resources */,
				E70AED971DE8105900FA64CA /* Info.plist in Resources */,
				E70AED941DE8105900FA64CA /* LaunchScreen.storyboard in Resources */,
			);
			runOnlyForDeploymentPostprocessing = 0;
		};
/* End PBXResourcesBuildPhase section */

/* Begin PBXSourcesBuildPhase section */
		E723D93A1CFD3D5E001E4D53 /* Sources */ = {
			isa = PBXSourcesBuildPhase;
			buildActionMask = 2147483647;
			files = (
				E70AED921DE8105900FA64CA /* AppDelegate.m in Sources */,
				E70AED991DE8105900FA64CA /* main.m in Sources */,
				E70AEDA51DE8106500FA64CA /* DefaultTabbarBadgeAnimation.m in Sources */,
				E70AED9A1DE8105900FA64CA /* ViewController.m in Sources */,
				E7CC914A1E260CEE00E94E26 /* DefaultTabbarBadgeFlipAnimation.m in Sources */,
				E70AEDA41DE8106500FA64CA /* DefaultSystemLikeBadgeConfiguration.m in Sources */,
				E7941F9A1E24D8A600891F8A /* DefaultTabbarBadgeScaleAnimation.m in Sources */,
				E70AED981DE8105900FA64CA /* InputFieldCell.m in Sources */,
				E70AEDA61DE8106500FA64CA /* UITabBarItem+CustomBadge.m in Sources */,
			);
			runOnlyForDeploymentPostprocessing = 0;
		};
/* End PBXSourcesBuildPhase section */

/* Begin PBXVariantGroup section */
		E70AED871DE8105900FA64CA /* LaunchScreen.storyboard */ = {
			isa = PBXVariantGroup;
			children = (
				E70AED881DE8105900FA64CA /* Base */,
			);
			name = LaunchScreen.storyboard;
			sourceTree = "<group>";
		};
		E70AED891DE8105900FA64CA /* Main.storyboard */ = {
			isa = PBXVariantGroup;
			children = (
				E70AED8A1DE8105900FA64CA /* Base */,
			);
			name = Main.storyboard;
			sourceTree = "<group>";
		};
/* End PBXVariantGroup section */

/* Begin XCBuildConfiguration section */
		E723D9561CFD3D5E001E4D53 /* Debug */ = {
			isa = XCBuildConfiguration;
			buildSettings = {
				ALWAYS_SEARCH_USER_PATHS = NO;
				CLANG_ANALYZER_NONNULL = YES;
				CLANG_CXX_LANGUAGE_STANDARD = "gnu++0x";
				CLANG_CXX_LIBRARY = "libc++";
				CLANG_ENABLE_MODULES = YES;
				CLANG_ENABLE_OBJC_ARC = YES;
				CLANG_WARN_BOOL_CONVERSION = YES;
				CLANG_WARN_CONSTANT_CONVERSION = YES;
				CLANG_WARN_DIRECT_OBJC_ISA_USAGE = YES_ERROR;
				CLANG_WARN_EMPTY_BODY = YES;
				CLANG_WARN_ENUM_CONVERSION = YES;
				CLANG_WARN_INT_CONVERSION = YES;
				CLANG_WARN_OBJC_ROOT_CLASS = YES_ERROR;
				CLANG_WARN_UNREACHABLE_CODE = YES;
				CLANG_WARN__DUPLICATE_METHOD_MATCH = YES;
				CODE_SIGN_IDENTITY = "";
				"CODE_SIGN_IDENTITY[sdk=iphoneos*]" = "";
				COPY_PHASE_STRIP = NO;
				DEBUG_INFORMATION_FORMAT = dwarf;
				ENABLE_STRICT_OBJC_MSGSEND = YES;
				ENABLE_TESTABILITY = YES;
				GCC_C_LANGUAGE_STANDARD = gnu99;
				GCC_DYNAMIC_NO_PIC = NO;
				GCC_NO_COMMON_BLOCKS = YES;
				GCC_OPTIMIZATION_LEVEL = 0;
				GCC_PREPROCESSOR_DEFINITIONS = (
					"DEBUG=1",
					"$(inherited)",
				);
				GCC_WARN_64_TO_32_BIT_CONVERSION = YES;
				GCC_WARN_ABOUT_RETURN_TYPE = YES_ERROR;
				GCC_WARN_UNDECLARED_SELECTOR = YES;
				GCC_WARN_UNINITIALIZED_AUTOS = YES_AGGRESSIVE;
				GCC_WARN_UNUSED_FUNCTION = YES;
				GCC_WARN_UNUSED_VARIABLE = YES;
				IPHONEOS_DEPLOYMENT_TARGET = 9.3;
				MTL_ENABLE_DEBUG_INFO = YES;
				ONLY_ACTIVE_ARCH = YES;
				SDKROOT = iphoneos;
				TARGETED_DEVICE_FAMILY = "1,2";
			};
			name = Debug;
		};
		E723D9571CFD3D5E001E4D53 /* Release */ = {
			isa = XCBuildConfiguration;
			buildSettings = {
				ALWAYS_SEARCH_USER_PATHS = NO;
				CLANG_ANALYZER_NONNULL = YES;
				CLANG_CXX_LANGUAGE_STANDARD = "gnu++0x";
				CLANG_CXX_LIBRARY = "libc++";
				CLANG_ENABLE_MODULES = YES;
				CLANG_ENABLE_OBJC_ARC = YES;
				CLANG_WARN_BOOL_CONVERSION = YES;
				CLANG_WARN_CONSTANT_CONVERSION = YES;
				CLANG_WARN_DIRECT_OBJC_ISA_USAGE = YES_ERROR;
				CLANG_WARN_EMPTY_BODY = YES;
				CLANG_WARN_ENUM_CONVERSION = YES;
				CLANG_WARN_INT_CONVERSION = YES;
				CLANG_WARN_OBJC_ROOT_CLASS = YES_ERROR;
				CLANG_WARN_UNREACHABLE_CODE = YES;
				CLANG_WARN__DUPLICATE_METHOD_MATCH = YES;
				CODE_SIGN_IDENTITY = "";
				"CODE_SIGN_IDENTITY[sdk=iphoneos*]" = "";
				COPY_PHASE_STRIP = NO;
				DEBUG_INFORMATION_FORMAT = "dwarf-with-dsym";
				ENABLE_NS_ASSERTIONS = NO;
				ENABLE_STRICT_OBJC_MSGSEND = YES;
				GCC_C_LANGUAGE_STANDARD = gnu99;
				GCC_NO_COMMON_BLOCKS = YES;
				GCC_WARN_64_TO_32_BIT_CONVERSION = YES;
				GCC_WARN_ABOUT_RETURN_TYPE = YES_ERROR;
				GCC_WARN_UNDECLARED_SELECTOR = YES;
				GCC_WARN_UNINITIALIZED_AUTOS = YES_AGGRESSIVE;
				GCC_WARN_UNUSED_FUNCTION = YES;
				GCC_WARN_UNUSED_VARIABLE = YES;
				IPHONEOS_DEPLOYMENT_TARGET = 9.3;
				MTL_ENABLE_DEBUG_INFO = NO;
				SDKROOT = iphoneos;
				TARGETED_DEVICE_FAMILY = "1,2";
				VALIDATE_PRODUCT = YES;
			};
			name = Release;
		};
		E723D9591CFD3D5E001E4D53 /* Debug */ = {
			isa = XCBuildConfiguration;
			buildSettings = {
				ASSETCATALOG_COMPILER_APPICON_NAME = AppIcon;
				CODE_SIGN_IDENTITY = "";
				INFOPLIST_FILE = "$(SRCROOT)/Example-demonstration/Info.plist";
				LD_RUNPATH_SEARCH_PATHS = "$(inherited) @executable_path/Frameworks";
				PRODUCT_BUNDLE_IDENTIFIER = "com.UITabbaritem-CustomBadge";
				PRODUCT_NAME = "UITabBarItem+CustomBadge";
			};
			name = Debug;
		};
		E723D95A1CFD3D5E001E4D53 /* Release */ = {
			isa = XCBuildConfiguration;
			buildSettings = {
				ASSETCATALOG_COMPILER_APPICON_NAME = AppIcon;
				CODE_SIGN_IDENTITY = "";
				"CODE_SIGN_IDENTITY[sdk=iphoneos*]" = "";
				INFOPLIST_FILE = "$(SRCROOT)/Example-demonstration/Info.plist";
				LD_RUNPATH_SEARCH_PATHS = "$(inherited) @executable_path/Frameworks";
				PRODUCT_BUNDLE_IDENTIFIER = "com.UITabbaritem-CustomBadge";
				PRODUCT_NAME = "UITabBarItem+CustomBadge";
			};
			name = Release;
		};
/* End XCBuildConfiguration section */

/* Begin XCConfigurationList section */
		E723D9391CFD3D5E001E4D53 /* Build configuration list for PBXProject "UITabBarItem+CustomBadge" */ = {
			isa = XCConfigurationList;
			buildConfigurations = (
				E723D9561CFD3D5E001E4D53 /* Debug */,
				E723D9571CFD3D5E001E4D53 /* Release */,
			);
			defaultConfigurationIsVisible = 0;
			defaultConfigurationName = Release;
		};
		E723D9581CFD3D5E001E4D53 /* Build configuration list for PBXNativeTarget "UITabBarItem+CustomBadge" */ = {
			isa = XCConfigurationList;
			buildConfigurations = (
				E723D9591CFD3D5E001E4D53 /* Debug */,
				E723D95A1CFD3D5E001E4D53 /* Release */,
			);
			defaultConfigurationIsVisible = 0;
			defaultConfigurationName = Release;
		};
/* End XCConfigurationList section */
	};
	rootObject = E723D9361CFD3D5E001E4D53 /* Project object */;
}
